
Microsoft Visual Studio Solution File, Format Version 12.00
Project("{FAE04EC0-301F-11D3-BF4B-00C04F79EFBC}") = "DN.Dakkar", "DN.Dakkar.csproj", "{131F01DC-914D-4E2C-AEC2-FD7D0BFF0872}"
EndProject
Global
	GlobalSection(SolutionConfigurationPlatforms) = preSolution
		Debug|Any CPU = Debug|Any CPU
		Release|Any CPU = Release|Any CPU
	EndGlobalSection
	GlobalSection(ProjectConfigurationPlatforms) = postSolution
		{131F01DC-914D-4E2C-AEC2-FD7D0BFF0872}.Debug|Any CPU.ActiveCfg = Debug|Any CPU
		{131F01DC-914D-4E2C-AEC2-FD7D0BFF0872}.Debug|Any CPU.Build.0 = Debug|Any CPU
		{131F01DC-914D-4E2C-AEC2-FD7D0BFF0872}.Release|Any CPU.ActiveCfg = Release|Any CPU
		{131F01DC-914D-4E2C-AEC2-FD7D0BFF0872}.Release|Any CPU.Build.0 = Release|Any CPU
	EndGlobalSection
EndGlobal
